
Microsoft Visual Studio Solution File, Format Version 12.00
# Visual Studio Version 17
VisualStudioVersion = 17.10.35013.160
MinimumVisualStudioVersion = 10.0.40219.1
Project("{00D1A9C2-B5F0-4AF3-8072-F6C62B433612}") = "SQLServerDataBaseCICD", "SQLServerDataBaseCICD.sqlproj", "{4DA4AB19-AC41-428B-8D39-1893FAF70BC0}"
EndProject
Global
	GlobalSection(SolutionConfigurationPlatforms) = preSolution
		Debug|Any CPU = Debug|Any CPU
		Release|Any CPU = Release|Any CPU
	EndGlobalSection
	GlobalSection(ProjectConfigurationPlatforms) = postSolution
		{4DA4AB19-AC41-428B-8D39-1893FAF70BC0}.Debug|Any CPU.ActiveCfg = Debug|Any CPU
		{4DA4AB19-AC41-428B-8D39-1893FAF70BC0}.Debug|Any CPU.Build.0 = Debug|Any CPU
		{4DA4AB19-AC41-428B-8D39-1893FAF70BC0}.Debug|Any CPU.Deploy.0 = Debug|Any CPU
		{4DA4AB19-AC41-428B-8D39-1893FAF70BC0}.Release|Any CPU.ActiveCfg = Release|Any CPU
		{4DA4AB19-AC41-428B-8D39-1893FAF70BC0}.Release|Any CPU.Build.0 = Release|Any CPU
		{4DA4AB19-AC41-428B-8D39-1893FAF70BC0}.Release|Any CPU.Deploy.0 = Release|Any CPU
	EndGlobalSection
	GlobalSection(SolutionProperties) = preSolution
		HideSolutionNode = FALSE
	EndGlobalSection
	GlobalSection(ExtensibilityGlobals) = postSolution
		SolutionGuid = {003B758B-FCBF-4A94-A0C8-9514D13CD5DE}
	EndGlobalSection
EndGlobal
